
Microsoft Visual Studio Solution File, Format Version 12.00
# Visual Studio 15
VisualStudioVersion = 15.0.26711.1
MinimumVisualStudioVersion = 10.0.40219.1
Project("{9A19103F-16F7-4668-BE54-9A1E7A4F7556}") = "Xbim.Common", "Xbim.Common\Xbim.Common.csproj", "{55863561-1D9C-441B-BDAB-DF4ADA37D0D4}"
EndProject
Global
	GlobalSection(SolutionConfigurationPlatforms) = preSolution
		Debug|Any CPU = Debug|Any CPU
		Release|Any CPU = Release|Any CPU
	EndGlobalSection
	GlobalSection(ProjectConfigurationPlatforms) = postSolution
		{55863561-1D9C-441B-BDAB-DF4ADA37D0D4}.Debug|Any CPU.ActiveCfg = Debug|Any CPU
		{55863561-1D9C-441B-BDAB-DF4ADA37D0D4}.Debug|Any CPU.Build.0 = Debug|Any CPU
		{55863561-1D9C-441B-BDAB-DF4ADA37D0D4}.Release|Any CPU.ActiveCfg = Release|Any CPU
		{55863561-1D9C-441B-BDAB-DF4ADA37D0D4}.Release|Any CPU.Build.0 = Release|Any CPU
	EndGlobalSection
	GlobalSection(SolutionProperties) = preSolution
		HideSolutionNode = FALSE
	EndGlobalSection
	GlobalSection(ExtensibilityGlobals) = postSolution
		SolutionGuid = {4D828DE3-18FA-405F-9EDE-04A79DF310D0}
	EndGlobalSection
EndGlobal
