
Microsoft Visual Studio Solution File, Format Version 12.00
# Visual Studio 2013
VisualStudioVersion = 12.0.31101.0
MinimumVisualStudioVersion = 10.0.40219.1
Project("{FAE04EC0-301F-11D3-BF4B-00C04F79EFBC}") = "Xbim.Ifc2x3", "Xbim.Ifc2x3\Xbim.Ifc2x3.csproj", "{B6668419-D7A4-4736-B4D8-018756CCF134}"
EndProject
Project("{2150E333-8FDC-42A3-9474-1A3956D46DE8}") = "Tests", "Tests", "{F7645A99-C59A-4D76-95C9-A2247B54F314}"
EndProject
Project("{FAE04EC0-301F-11D3-BF4B-00C04F79EFBC}") = "Xbim.IO.Tests", "Xbim.IO.Tests\Xbim.IO.Tests.csproj", "{A7F5D679-61E7-4807-A144-830692C097EF}"
EndProject
Project("{FAE04EC0-301F-11D3-BF4B-00C04F79EFBC}") = "Xbim.Ifc4", "Xbim.Ifc4\Xbim.Ifc4.csproj", "{63A3EFCF-5D43-4C27-8637-86CCD6033A1E}"
EndProject
Project("{FAE04EC0-301F-11D3-BF4B-00C04F79EFBC}") = "Xbim.Common", "Xbim.Common\Xbim.Common.csproj", "{A34EF831-EA82-4A79-8C65-B5E1C6D9508D}"
EndProject
Project("{FAE04EC0-301F-11D3-BF4B-00C04F79EFBC}") = "Xbim.CobieExpress", "Xbim.CobieExpress\Xbim.CobieExpress.csproj", "{E13C5875-3365-40D3-8DBE-E864D3548491}"
EndProject
Project("{FAE04EC0-301F-11D3-BF4B-00C04F79EFBC}") = "Xbim.IO", "Xbim.IO\Xbim.IO.csproj", "{85856DF2-C8AB-4120-8A8D-AE05D2696B51}"
EndProject
Project("{FAE04EC0-301F-11D3-BF4B-00C04F79EFBC}") = "Xbim.Ifc2x3.Extensions", "Xbim.Ifc.Extensions\Xbim.Ifc2x3.Extensions.csproj", "{6DF47D23-8F4D-4069-A44B-BBDACD3F9AEA}"
EndProject
Project("{FAE04EC0-301F-11D3-BF4B-00C04F79EFBC}") = "Xbim.Ifc2x3.IO", "Xbim.Ifc2x3.IO\Xbim.Ifc2x3.IO.csproj", "{27AC09F9-78B3-486A-8D2B-13D7C8AF8C19}"
EndProject
Project("{2150E333-8FDC-42A3-9474-1A3956D46DE8}") = "Ifc2x3", "Ifc2x3", "{83A06ECA-AECB-47B1-9A4C-850E6F9E1FEC}"
EndProject
Project("{2150E333-8FDC-42A3-9474-1A3956D46DE8}") = "Ifc4", "Ifc4", "{3C36CA96-57D2-4FC7-9F34-FDD7A3E83106}"
EndProject
Project("{2150E333-8FDC-42A3-9474-1A3956D46DE8}") = "CobieExpress", "CobieExpress", "{E9D35CB0-7004-4527-ACA0-8482C7B8AF52}"
EndProject
Project("{FAE04EC0-301F-11D3-BF4B-00C04F79EFBC}") = "Xbim.Essentials.Tests", "Xbim.Essentials.Tests\Xbim.Essentials.Tests.csproj", "{C51DFF66-DEA7-43BE-98DF-6A07E1A6FFA1}"
EndProject
Project("{2150E333-8FDC-42A3-9474-1A3956D46DE8}") = "Profiling", "Profiling", "{2CD5B49F-FB73-4B6D-B570-E51B32905A25}"
EndProject
Project("{FAE04EC0-301F-11D3-BF4B-00C04F79EFBC}") = "Profiling.Parsing", "Profiling.Parsing\Profiling.Parsing.csproj", "{AC6D600C-548E-4FA7-B89E-3183E3BC2522}"
EndProject
Project("{2150E333-8FDC-42A3-9474-1A3956D46DE8}") = "Solution Items", "Solution Items", "{8CF88033-2F9A-4A2E-BDA5-4B7B972A0915}"
	ProjectSection(SolutionItems) = preProject
		Xbim.Essentials.nuspec = Xbim.Essentials.nuspec
	EndProjectSection
EndProject
Project("{2150E333-8FDC-42A3-9474-1A3956D46DE8}") = "Utilities", "Utilities", "{A54B7B62-7457-48AB-A9C2-16B087A82C36}"
EndProject
Project("{FAE04EC0-301F-11D3-BF4B-00C04F79EFBC}") = "Utility.ExtractCobieData", "Utility.ExtractCobieData\Utility.ExtractCobieData.csproj", "{BF96E8B7-0F9B-4808-B611-BDAAEFD84452}"
EndProject
Project("{FAE04EC0-301F-11D3-BF4B-00C04F79EFBC}") = "Xbim.Ifc", "Xbim.Ifc\Xbim.Ifc.csproj", "{53999970-957B-4E8D-9CC0-EBE2C7A24969}"
EndProject
Project("{FAE04EC0-301F-11D3-BF4B-00C04F79EFBC}") = "Profiling.WritingXml", "Profiling.WritingXml\Profiling.WritingXml.csproj", "{603F1338-048B-4EDC-B982-2344914A47DB}"
EndProject
Project("{FAE04EC0-301F-11D3-BF4B-00C04F79EFBC}") = "Profiling.ReadingXML", "Profiling.ReadingXML\Profiling.ReadingXML.csproj", "{6EB77477-67E1-4514-9E2A-C3592DE9B1C3}"
EndProject
Project("{FAE04EC0-301F-11D3-BF4B-00C04F79EFBC}") = "Xbim.Tessellator", "Xbim.Tessellator\Xbim.Tessellator.csproj", "{5EE39029-873A-45A0-9259-2198BF8729F4}"
EndProject
Project("{FAE04EC0-301F-11D3-BF4B-00C04F79EFBC}") = "Utility.CreateCobieConfiguration", "Utility.CreateCobieConfiguration\Utility.CreateCobieConfiguration.csproj", "{3173C3AB-D54E-4F1A-910D-EBADAECDC582}"
EndProject
Project("{FAE04EC0-301F-11D3-BF4B-00C04F79EFBC}") = "Xbim.CobieExpress.IO", "Xbim.CobieExpress.IO\Xbim.CobieExpress.IO.csproj", "{1D7DD9A0-1828-41ED-ACF6-3973E6575E6D}"
EndProject
Project("{FAE04EC0-301F-11D3-BF4B-00C04F79EFBC}") = "Xbim.IO.TableStore", "Xbim.IO.TableStore\Xbim.IO.TableStore.csproj", "{7F02EEA3-B338-456E-AEE7-C9EE0C10B1F2}"
EndProject
Project("{FAE04EC0-301F-11D3-BF4B-00C04F79EFBC}") = "Profiling.TableStore", "Profiling.TableStore\Profiling.TableStore.csproj", "{6AF1A6D7-F7EB-494F-9493-F94A2505D81E}"
EndProject
Project("{FAE04EC0-301F-11D3-BF4B-00C04F79EFBC}") = "Profiling.ProductExtraction", "Profiling.ProductExtraction\Profiling.ProductExtraction.csproj", "{B9A4BF67-5B1C-4231-96EA-23A510A46943}"
EndProject
Project("{FAE04EC0-301F-11D3-BF4B-00C04F79EFBC}") = "Profiling.InverseCacheImpact", "Profiling.InverseCacheImpact\Profiling.InverseCacheImpact.csproj", "{748ADC2C-7F2F-456D-90FE-E15F508475A3}"
EndProject
Global
	GlobalSection(SolutionConfigurationPlatforms) = preSolution
		Debug|Any CPU = Debug|Any CPU
		Release|Any CPU = Release|Any CPU
	EndGlobalSection
	GlobalSection(ProjectConfigurationPlatforms) = postSolution
		{B6668419-D7A4-4736-B4D8-018756CCF134}.Debug|Any CPU.ActiveCfg = Debug|Any CPU
		{B6668419-D7A4-4736-B4D8-018756CCF134}.Debug|Any CPU.Build.0 = Debug|Any CPU
		{B6668419-D7A4-4736-B4D8-018756CCF134}.Release|Any CPU.ActiveCfg = Release|Any CPU
		{B6668419-D7A4-4736-B4D8-018756CCF134}.Release|Any CPU.Build.0 = Release|Any CPU
		{A7F5D679-61E7-4807-A144-830692C097EF}.Debug|Any CPU.ActiveCfg = Debug|Any CPU
		{A7F5D679-61E7-4807-A144-830692C097EF}.Release|Any CPU.ActiveCfg = Release|Any CPU
		{A7F5D679-61E7-4807-A144-830692C097EF}.Release|Any CPU.Build.0 = Release|Any CPU
		{63A3EFCF-5D43-4C27-8637-86CCD6033A1E}.Debug|Any CPU.ActiveCfg = Debug|Any CPU
		{63A3EFCF-5D43-4C27-8637-86CCD6033A1E}.Debug|Any CPU.Build.0 = Debug|Any CPU
		{63A3EFCF-5D43-4C27-8637-86CCD6033A1E}.Release|Any CPU.ActiveCfg = Release|Any CPU
		{63A3EFCF-5D43-4C27-8637-86CCD6033A1E}.Release|Any CPU.Build.0 = Release|Any CPU
		{A34EF831-EA82-4A79-8C65-B5E1C6D9508D}.Debug|Any CPU.ActiveCfg = Debug|Any CPU
		{A34EF831-EA82-4A79-8C65-B5E1C6D9508D}.Debug|Any CPU.Build.0 = Debug|Any CPU
		{A34EF831-EA82-4A79-8C65-B5E1C6D9508D}.Release|Any CPU.ActiveCfg = Release|Any CPU
		{A34EF831-EA82-4A79-8C65-B5E1C6D9508D}.Release|Any CPU.Build.0 = Release|Any CPU
		{E13C5875-3365-40D3-8DBE-E864D3548491}.Debug|Any CPU.ActiveCfg = Debug|Any CPU
		{E13C5875-3365-40D3-8DBE-E864D3548491}.Release|Any CPU.ActiveCfg = Release|Any CPU
		{E13C5875-3365-40D3-8DBE-E864D3548491}.Release|Any CPU.Build.0 = Release|Any CPU
		{85856DF2-C8AB-4120-8A8D-AE05D2696B51}.Debug|Any CPU.ActiveCfg = Debug|Any CPU
		{85856DF2-C8AB-4120-8A8D-AE05D2696B51}.Release|Any CPU.ActiveCfg = Release|Any CPU
		{85856DF2-C8AB-4120-8A8D-AE05D2696B51}.Release|Any CPU.Build.0 = Release|Any CPU
		{6DF47D23-8F4D-4069-A44B-BBDACD3F9AEA}.Debug|Any CPU.ActiveCfg = Debug|Any CPU
		{6DF47D23-8F4D-4069-A44B-BBDACD3F9AEA}.Release|Any CPU.ActiveCfg = Release|Any CPU
		{6DF47D23-8F4D-4069-A44B-BBDACD3F9AEA}.Release|Any CPU.Build.0 = Release|Any CPU
		{27AC09F9-78B3-486A-8D2B-13D7C8AF8C19}.Debug|Any CPU.ActiveCfg = Debug|Any CPU
		{27AC09F9-78B3-486A-8D2B-13D7C8AF8C19}.Release|Any CPU.ActiveCfg = Release|Any CPU
		{27AC09F9-78B3-486A-8D2B-13D7C8AF8C19}.Release|Any CPU.Build.0 = Release|Any CPU
		{C51DFF66-DEA7-43BE-98DF-6A07E1A6FFA1}.Debug|Any CPU.ActiveCfg = Debug|Any CPU
		{C51DFF66-DEA7-43BE-98DF-6A07E1A6FFA1}.Debug|Any CPU.Build.0 = Debug|Any CPU
		{C51DFF66-DEA7-43BE-98DF-6A07E1A6FFA1}.Release|Any CPU.ActiveCfg = Release|Any CPU
		{C51DFF66-DEA7-43BE-98DF-6A07E1A6FFA1}.Release|Any CPU.Build.0 = Release|Any CPU
		{AC6D600C-548E-4FA7-B89E-3183E3BC2522}.Debug|Any CPU.ActiveCfg = Debug|Any CPU
		{AC6D600C-548E-4FA7-B89E-3183E3BC2522}.Release|Any CPU.ActiveCfg = Release|Any CPU
		{AC6D600C-548E-4FA7-B89E-3183E3BC2522}.Release|Any CPU.Build.0 = Release|Any CPU
		{BF96E8B7-0F9B-4808-B611-BDAAEFD84452}.Debug|Any CPU.ActiveCfg = Debug|Any CPU
		{BF96E8B7-0F9B-4808-B611-BDAAEFD84452}.Release|Any CPU.ActiveCfg = Release|Any CPU
		{BF96E8B7-0F9B-4808-B611-BDAAEFD84452}.Release|Any CPU.Build.0 = Release|Any CPU
		{53999970-957B-4E8D-9CC0-EBE2C7A24969}.Debug|Any CPU.ActiveCfg = Debug|Any CPU
		{53999970-957B-4E8D-9CC0-EBE2C7A24969}.Release|Any CPU.ActiveCfg = Release|Any CPU
		{53999970-957B-4E8D-9CC0-EBE2C7A24969}.Release|Any CPU.Build.0 = Release|Any CPU
		{603F1338-048B-4EDC-B982-2344914A47DB}.Debug|Any CPU.ActiveCfg = Debug|Any CPU
		{603F1338-048B-4EDC-B982-2344914A47DB}.Release|Any CPU.ActiveCfg = Release|Any CPU
		{603F1338-048B-4EDC-B982-2344914A47DB}.Release|Any CPU.Build.0 = Release|Any CPU
		{6EB77477-67E1-4514-9E2A-C3592DE9B1C3}.Debug|Any CPU.ActiveCfg = Debug|Any CPU
		{6EB77477-67E1-4514-9E2A-C3592DE9B1C3}.Release|Any CPU.ActiveCfg = Release|Any CPU
		{6EB77477-67E1-4514-9E2A-C3592DE9B1C3}.Release|Any CPU.Build.0 = Release|Any CPU
		{5EE39029-873A-45A0-9259-2198BF8729F4}.Debug|Any CPU.ActiveCfg = Debug|Any CPU
		{5EE39029-873A-45A0-9259-2198BF8729F4}.Release|Any CPU.ActiveCfg = Release|Any CPU
		{5EE39029-873A-45A0-9259-2198BF8729F4}.Release|Any CPU.Build.0 = Release|Any CPU
		{3173C3AB-D54E-4F1A-910D-EBADAECDC582}.Debug|Any CPU.ActiveCfg = Debug|Any CPU
		{3173C3AB-D54E-4F1A-910D-EBADAECDC582}.Release|Any CPU.ActiveCfg = Release|Any CPU
		{3173C3AB-D54E-4F1A-910D-EBADAECDC582}.Release|Any CPU.Build.0 = Release|Any CPU
		{1D7DD9A0-1828-41ED-ACF6-3973E6575E6D}.Debug|Any CPU.ActiveCfg = Debug|Any CPU
		{1D7DD9A0-1828-41ED-ACF6-3973E6575E6D}.Release|Any CPU.ActiveCfg = Release|Any CPU
		{1D7DD9A0-1828-41ED-ACF6-3973E6575E6D}.Release|Any CPU.Build.0 = Release|Any CPU
		{7F02EEA3-B338-456E-AEE7-C9EE0C10B1F2}.Debug|Any CPU.ActiveCfg = Debug|Any CPU
		{7F02EEA3-B338-456E-AEE7-C9EE0C10B1F2}.Release|Any CPU.ActiveCfg = Release|Any CPU
		{7F02EEA3-B338-456E-AEE7-C9EE0C10B1F2}.Release|Any CPU.Build.0 = Release|Any CPU
		{6AF1A6D7-F7EB-494F-9493-F94A2505D81E}.Debug|Any CPU.ActiveCfg = Debug|Any CPU
		{6AF1A6D7-F7EB-494F-9493-F94A2505D81E}.Release|Any CPU.ActiveCfg = Release|Any CPU
		{6AF1A6D7-F7EB-494F-9493-F94A2505D81E}.Release|Any CPU.Build.0 = Release|Any CPU
		{B9A4BF67-5B1C-4231-96EA-23A510A46943}.Debug|Any CPU.ActiveCfg = Debug|Any CPU
		{B9A4BF67-5B1C-4231-96EA-23A510A46943}.Release|Any CPU.ActiveCfg = Release|Any CPU
		{B9A4BF67-5B1C-4231-96EA-23A510A46943}.Release|Any CPU.Build.0 = Release|Any CPU
		{748ADC2C-7F2F-456D-90FE-E15F508475A3}.Debug|Any CPU.ActiveCfg = Debug|Any CPU
		{748ADC2C-7F2F-456D-90FE-E15F508475A3}.Release|Any CPU.ActiveCfg = Release|Any CPU
		{748ADC2C-7F2F-456D-90FE-E15F508475A3}.Release|Any CPU.Build.0 = Release|Any CPU
	EndGlobalSection
	GlobalSection(SolutionProperties) = preSolution
		HideSolutionNode = FALSE
	EndGlobalSection
	GlobalSection(NestedProjects) = preSolution
		{B6668419-D7A4-4736-B4D8-018756CCF134} = {83A06ECA-AECB-47B1-9A4C-850E6F9E1FEC}
		{A7F5D679-61E7-4807-A144-830692C097EF} = {F7645A99-C59A-4D76-95C9-A2247B54F314}
		{63A3EFCF-5D43-4C27-8637-86CCD6033A1E} = {3C36CA96-57D2-4FC7-9F34-FDD7A3E83106}
		{E13C5875-3365-40D3-8DBE-E864D3548491} = {E9D35CB0-7004-4527-ACA0-8482C7B8AF52}
		{6DF47D23-8F4D-4069-A44B-BBDACD3F9AEA} = {83A06ECA-AECB-47B1-9A4C-850E6F9E1FEC}
		{27AC09F9-78B3-486A-8D2B-13D7C8AF8C19} = {83A06ECA-AECB-47B1-9A4C-850E6F9E1FEC}
		{C51DFF66-DEA7-43BE-98DF-6A07E1A6FFA1} = {F7645A99-C59A-4D76-95C9-A2247B54F314}
		{AC6D600C-548E-4FA7-B89E-3183E3BC2522} = {2CD5B49F-FB73-4B6D-B570-E51B32905A25}
		{BF96E8B7-0F9B-4808-B611-BDAAEFD84452} = {A54B7B62-7457-48AB-A9C2-16B087A82C36}
		{603F1338-048B-4EDC-B982-2344914A47DB} = {2CD5B49F-FB73-4B6D-B570-E51B32905A25}
		{6EB77477-67E1-4514-9E2A-C3592DE9B1C3} = {2CD5B49F-FB73-4B6D-B570-E51B32905A25}
		{3173C3AB-D54E-4F1A-910D-EBADAECDC582} = {A54B7B62-7457-48AB-A9C2-16B087A82C36}
		{1D7DD9A0-1828-41ED-ACF6-3973E6575E6D} = {E9D35CB0-7004-4527-ACA0-8482C7B8AF52}
		{6AF1A6D7-F7EB-494F-9493-F94A2505D81E} = {2CD5B49F-FB73-4B6D-B570-E51B32905A25}
		{B9A4BF67-5B1C-4231-96EA-23A510A46943} = {2CD5B49F-FB73-4B6D-B570-E51B32905A25}
		{748ADC2C-7F2F-456D-90FE-E15F508475A3} = {2CD5B49F-FB73-4B6D-B570-E51B32905A25}
	EndGlobalSection
EndGlobal
