
Microsoft Visual Studio Solution File, Format Version 12.00
# Visual Studio 14
VisualStudioVersion = 14.0.23107.0
MinimumVisualStudioVersion = 10.0.40219.1
Project("{FAE04EC0-301F-11D3-BF4B-00C04F79EFBC}") = "Xbim.Common", "Xbim.Common\Xbim.Common.csproj", "{6745F5AC-AF3C-4372-81AA-A75E7B1FA03B}"
EndProject
Project("{FAE04EC0-301F-11D3-BF4B-00C04F79EFBC}") = "Xbim.Ifc2x3", "Xbim.Ifc2x3\Xbim.Ifc2x3.csproj", "{5D4C907D-1293-4E5F-9642-D0862AE4741C}"
EndProject
Project("{FAE04EC0-301F-11D3-BF4B-00C04F79EFBC}") = "Xbim.Ifc2x3.Extensions", "Xbim.Ifc.Extensions\Xbim.Ifc2x3.Extensions.csproj", "{6DF47D23-8F4D-4069-A44B-BBDACD3F9AEA}"
EndProject
Project("{FAE04EC0-301F-11D3-BF4B-00C04F79EFBC}") = "Xbim.IO", "Xbim.IO\Xbim.IO.csproj", "{85856DF2-C8AB-4120-8A8D-AE05D2696B51}"
EndProject
Project("{2150E333-8FDC-42A3-9474-1A3956D46DE8}") = "Solution Items", "Solution Items", "{85D6908D-0CC4-4B72-99BD-1052DF656E79}"
	ProjectSection(SolutionItems) = preProject
		Xbim.Essentials.nuspec = Xbim.Essentials.nuspec
	EndProjectSection
EndProject
Project("{FAE04EC0-301F-11D3-BF4B-00C04F79EFBC}") = "Xbim.Essentials.Tests", "Xbim.Essentials.Tests\Xbim.Essentials.Tests.csproj", "{C51DFF66-DEA7-43BE-98DF-6A07E1A6FFA1}"
EndProject
Global
	GlobalSection(SolutionConfigurationPlatforms) = preSolution
		Debug|Any CPU = Debug|Any CPU
		Release|Any CPU = Release|Any CPU
	EndGlobalSection
	GlobalSection(ProjectConfigurationPlatforms) = postSolution
		{6745F5AC-AF3C-4372-81AA-A75E7B1FA03B}.Debug|Any CPU.ActiveCfg = Debug|Any CPU
		{6745F5AC-AF3C-4372-81AA-A75E7B1FA03B}.Debug|Any CPU.Build.0 = Debug|Any CPU
		{6745F5AC-AF3C-4372-81AA-A75E7B1FA03B}.Release|Any CPU.ActiveCfg = Release|Any CPU
		{6745F5AC-AF3C-4372-81AA-A75E7B1FA03B}.Release|Any CPU.Build.0 = Release|Any CPU
		{5D4C907D-1293-4E5F-9642-D0862AE4741C}.Debug|Any CPU.ActiveCfg = Debug|Any CPU
		{5D4C907D-1293-4E5F-9642-D0862AE4741C}.Debug|Any CPU.Build.0 = Debug|Any CPU
		{5D4C907D-1293-4E5F-9642-D0862AE4741C}.Release|Any CPU.ActiveCfg = Release|Any CPU
		{5D4C907D-1293-4E5F-9642-D0862AE4741C}.Release|Any CPU.Build.0 = Release|Any CPU
		{6DF47D23-8F4D-4069-A44B-BBDACD3F9AEA}.Debug|Any CPU.ActiveCfg = Debug|Any CPU
		{6DF47D23-8F4D-4069-A44B-BBDACD3F9AEA}.Debug|Any CPU.Build.0 = Debug|Any CPU
		{6DF47D23-8F4D-4069-A44B-BBDACD3F9AEA}.Release|Any CPU.ActiveCfg = Release|Any CPU
		{6DF47D23-8F4D-4069-A44B-BBDACD3F9AEA}.Release|Any CPU.Build.0 = Release|Any CPU
		{85856DF2-C8AB-4120-8A8D-AE05D2696B51}.Debug|Any CPU.ActiveCfg = Debug|Any CPU
		{85856DF2-C8AB-4120-8A8D-AE05D2696B51}.Debug|Any CPU.Build.0 = Debug|Any CPU
		{85856DF2-C8AB-4120-8A8D-AE05D2696B51}.Release|Any CPU.ActiveCfg = Release|Any CPU
		{85856DF2-C8AB-4120-8A8D-AE05D2696B51}.Release|Any CPU.Build.0 = Release|Any CPU
		{C51DFF66-DEA7-43BE-98DF-6A07E1A6FFA1}.Debug|Any CPU.ActiveCfg = Debug|Any CPU
		{C51DFF66-DEA7-43BE-98DF-6A07E1A6FFA1}.Debug|Any CPU.Build.0 = Debug|Any CPU
		{C51DFF66-DEA7-43BE-98DF-6A07E1A6FFA1}.Release|Any CPU.ActiveCfg = Release|Any CPU
		{C51DFF66-DEA7-43BE-98DF-6A07E1A6FFA1}.Release|Any CPU.Build.0 = Release|Any CPU
	EndGlobalSection
	GlobalSection(SolutionProperties) = preSolution
		HideSolutionNode = FALSE
	EndGlobalSection
EndGlobal
