
Microsoft Visual Studio Solution File, Format Version 12.00
# Visual Studio 15
VisualStudioVersion = 15.0.27130.2027
MinimumVisualStudioVersion = 10.0.40219.1
Project("{9A19103F-16F7-4668-BE54-9A1E7A4F7556}") = "Xbim.Common", "Xbim.Common\Xbim.Common.csproj", "{55863561-1D9C-441B-BDAB-DF4ADA37D0D4}"
EndProject
Project("{2150E333-8FDC-42A3-9474-1A3956D46DE8}") = "Solution Items", "Solution Items", "{26AEC029-026B-4C71-8150-FA422F1832E6}"
	ProjectSection(SolutionItems) = preProject
		.gitignore = .gitignore
		azure-pipelines.yml = azure-pipelines.yml
		CHANGELOG.md = CHANGELOG.md
		CONTRIBUTING.md = CONTRIBUTING.md
		Directory.Build.props = Directory.Build.props
		LICENCE.md = LICENCE.md
		README.md = README.md
		Xbim.Essentials.tmpl = Xbim.Essentials.tmpl
	EndProjectSection
EndProject
Project("{9A19103F-16F7-4668-BE54-9A1E7A4F7556}") = "Xbim.Ifc4", "Xbim.Ifc4\Xbim.Ifc4.csproj", "{25D42373-89A5-437D-925C-21510EF0EB62}"
EndProject
Project("{9A19103F-16F7-4668-BE54-9A1E7A4F7556}") = "Xbim.Ifc2x3", "Xbim.Ifc2x3\Xbim.Ifc2x3.csproj", "{05F75CEF-0DF5-4036-9D49-BDC6AE4695E0}"
EndProject
Project("{9A19103F-16F7-4668-BE54-9A1E7A4F7556}") = "Xbim.IO.MemoryModel", "Xbim.IO.MemoryModel\Xbim.IO.MemoryModel.csproj", "{C4495723-D35A-4A82-A5D6-03DB4A7BD49B}"
EndProject
Project("{9A19103F-16F7-4668-BE54-9A1E7A4F7556}") = "Xbim.Tessellator", "Xbim.Tessellator\Xbim.Tessellator.csproj", "{01BA76B8-C202-4127-8D01-372D2A330E09}"
EndProject
Project("{2150E333-8FDC-42A3-9474-1A3956D46DE8}") = "Tests", "Tests", "{35A99F6F-BC0B-463E-A746-8D2B594E4B6E}"
EndProject
Project("{9A19103F-16F7-4668-BE54-9A1E7A4F7556}") = "Xbim.IO.Esent", "Xbim.IO.Esent\Xbim.IO.Esent.csproj", "{1F7AB940-C6A8-4E5D-BB8D-0DDB099E094C}"
EndProject
Project("{9A19103F-16F7-4668-BE54-9A1E7A4F7556}") = "Xbim.Ifc", "Xbim.Ifc\Xbim.Ifc.csproj", "{A22B6FAB-FFC8-45E0-BEDE-D3A92289E866}"
EndProject
Project("{9A19103F-16F7-4668-BE54-9A1E7A4F7556}") = "Xbim.Essentials.Tests", "Tests\Xbim.Essentials.Tests.csproj", "{1257E711-50B6-4278-8563-0AB27A88580C}"
EndProject
Project("{FAE04EC0-301F-11D3-BF4B-00C04F79EFBC}") = "Xbim.Essentials.NetCore.Tests", "Xbim.Essentials.NetCore.Tests\Xbim.Essentials.NetCore.Tests.csproj", "{811CAF14-92CF-47C1-8556-147887BA29E0}"
EndProject
Global
	GlobalSection(SolutionConfigurationPlatforms) = preSolution
		Debug|Any CPU = Debug|Any CPU
		Release|Any CPU = Release|Any CPU
	EndGlobalSection
	GlobalSection(ProjectConfigurationPlatforms) = postSolution
		{55863561-1D9C-441B-BDAB-DF4ADA37D0D4}.Debug|Any CPU.ActiveCfg = Debug|Any CPU
		{55863561-1D9C-441B-BDAB-DF4ADA37D0D4}.Debug|Any CPU.Build.0 = Debug|Any CPU
		{55863561-1D9C-441B-BDAB-DF4ADA37D0D4}.Release|Any CPU.ActiveCfg = Release|Any CPU
		{55863561-1D9C-441B-BDAB-DF4ADA37D0D4}.Release|Any CPU.Build.0 = Release|Any CPU
		{25D42373-89A5-437D-925C-21510EF0EB62}.Debug|Any CPU.ActiveCfg = Debug|Any CPU
		{25D42373-89A5-437D-925C-21510EF0EB62}.Debug|Any CPU.Build.0 = Debug|Any CPU
		{25D42373-89A5-437D-925C-21510EF0EB62}.Release|Any CPU.ActiveCfg = Release|Any CPU
		{25D42373-89A5-437D-925C-21510EF0EB62}.Release|Any CPU.Build.0 = Release|Any CPU
		{05F75CEF-0DF5-4036-9D49-BDC6AE4695E0}.Debug|Any CPU.ActiveCfg = Debug|Any CPU
		{05F75CEF-0DF5-4036-9D49-BDC6AE4695E0}.Debug|Any CPU.Build.0 = Debug|Any CPU
		{05F75CEF-0DF5-4036-9D49-BDC6AE4695E0}.Release|Any CPU.ActiveCfg = Release|Any CPU
		{05F75CEF-0DF5-4036-9D49-BDC6AE4695E0}.Release|Any CPU.Build.0 = Release|Any CPU
		{C4495723-D35A-4A82-A5D6-03DB4A7BD49B}.Debug|Any CPU.ActiveCfg = Debug|Any CPU
		{C4495723-D35A-4A82-A5D6-03DB4A7BD49B}.Debug|Any CPU.Build.0 = Debug|Any CPU
		{C4495723-D35A-4A82-A5D6-03DB4A7BD49B}.Release|Any CPU.ActiveCfg = Release|Any CPU
		{C4495723-D35A-4A82-A5D6-03DB4A7BD49B}.Release|Any CPU.Build.0 = Release|Any CPU
		{01BA76B8-C202-4127-8D01-372D2A330E09}.Debug|Any CPU.ActiveCfg = Debug|Any CPU
		{01BA76B8-C202-4127-8D01-372D2A330E09}.Debug|Any CPU.Build.0 = Debug|Any CPU
		{01BA76B8-C202-4127-8D01-372D2A330E09}.Release|Any CPU.ActiveCfg = Release|Any CPU
		{01BA76B8-C202-4127-8D01-372D2A330E09}.Release|Any CPU.Build.0 = Release|Any CPU
		{1F7AB940-C6A8-4E5D-BB8D-0DDB099E094C}.Debug|Any CPU.ActiveCfg = Debug|Any CPU
		{1F7AB940-C6A8-4E5D-BB8D-0DDB099E094C}.Debug|Any CPU.Build.0 = Debug|Any CPU
		{1F7AB940-C6A8-4E5D-BB8D-0DDB099E094C}.Release|Any CPU.ActiveCfg = Release|Any CPU
		{1F7AB940-C6A8-4E5D-BB8D-0DDB099E094C}.Release|Any CPU.Build.0 = Release|Any CPU
		{A22B6FAB-FFC8-45E0-BEDE-D3A92289E866}.Debug|Any CPU.ActiveCfg = Debug|Any CPU
		{A22B6FAB-FFC8-45E0-BEDE-D3A92289E866}.Debug|Any CPU.Build.0 = Debug|Any CPU
		{A22B6FAB-FFC8-45E0-BEDE-D3A92289E866}.Release|Any CPU.ActiveCfg = Release|Any CPU
		{A22B6FAB-FFC8-45E0-BEDE-D3A92289E866}.Release|Any CPU.Build.0 = Release|Any CPU
		{1257E711-50B6-4278-8563-0AB27A88580C}.Debug|Any CPU.ActiveCfg = Debug|Any CPU
		{1257E711-50B6-4278-8563-0AB27A88580C}.Debug|Any CPU.Build.0 = Debug|Any CPU
		{1257E711-50B6-4278-8563-0AB27A88580C}.Release|Any CPU.ActiveCfg = Release|Any CPU
		{1257E711-50B6-4278-8563-0AB27A88580C}.Release|Any CPU.Build.0 = Release|Any CPU
		{811CAF14-92CF-47C1-8556-147887BA29E0}.Debug|Any CPU.ActiveCfg = Debug|Any CPU
		{811CAF14-92CF-47C1-8556-147887BA29E0}.Debug|Any CPU.Build.0 = Debug|Any CPU
		{811CAF14-92CF-47C1-8556-147887BA29E0}.Release|Any CPU.ActiveCfg = Release|Any CPU
		{811CAF14-92CF-47C1-8556-147887BA29E0}.Release|Any CPU.Build.0 = Release|Any CPU
	EndGlobalSection
	GlobalSection(SolutionProperties) = preSolution
		HideSolutionNode = FALSE
	EndGlobalSection
	GlobalSection(NestedProjects) = preSolution
		{1257E711-50B6-4278-8563-0AB27A88580C} = {35A99F6F-BC0B-463E-A746-8D2B594E4B6E}
		{811CAF14-92CF-47C1-8556-147887BA29E0} = {35A99F6F-BC0B-463E-A746-8D2B594E4B6E}
	EndGlobalSection
	GlobalSection(ExtensibilityGlobals) = postSolution
		SolutionGuid = {4D828DE3-18FA-405F-9EDE-04A79DF310D0}
	EndGlobalSection
EndGlobal
