
Microsoft Visual Studio Solution File, Format Version 12.00
# Visual Studio 15
VisualStudioVersion = 15.0.27130.2027
MinimumVisualStudioVersion = 10.0.40219.1
Project("{9A19103F-16F7-4668-BE54-9A1E7A4F7556}") = "Xbim.Common.Local", "Xbim.Common\Xbim.Common.Local.csproj", "{55863561-1D9C-441B-BDAB-DF4ADA37D0D4}"
EndProject
Project("{2150E333-8FDC-42A3-9474-1A3956D46DE8}") = "Solution Items", "Solution Items", "{26AEC029-026B-4C71-8150-FA422F1832E6}"
	ProjectSection(SolutionItems) = preProject
		aimkey.snk = aimkey.snk
	EndProjectSection
EndProject
Project("{9A19103F-16F7-4668-BE54-9A1E7A4F7556}") = "Xbim.Ifc4.Local", "Xbim.Ifc4\Xbim.Ifc4.Local.csproj", "{25D42373-89A5-437D-925C-21510EF0EB62}"
EndProject
Project("{9A19103F-16F7-4668-BE54-9A1E7A4F7556}") = "Xbim.Ifc2x3.Local", "Xbim.Ifc2x3\Xbim.Ifc2x3.Local.csproj", "{05F75CEF-0DF5-4036-9D49-BDC6AE4695E0}"
EndProject
Project("{9A19103F-16F7-4668-BE54-9A1E7A4F7556}") = "Xbim.IO.MemoryModel.Local", "Xbim.IO.MemoryModel\Xbim.IO.MemoryModel.Local.csproj", "{C4495723-D35A-4A82-A5D6-03DB4A7BD49B}"
EndProject
Project("{2150E333-8FDC-42A3-9474-1A3956D46DE8}") = "Profiling", "Profiling", "{7741350E-EB4B-41CE-BD94-DDB48717F90F}"
EndProject
Project("{9A19103F-16F7-4668-BE54-9A1E7A4F7556}") = "Profiling.InverseCacheImpact", "Profiling.InverseCacheImpact\Profiling.InverseCacheImpact.csproj", "{748ADC2C-7F2F-456D-90FE-E15F508475A3}"
EndProject
Project("{9A19103F-16F7-4668-BE54-9A1E7A4F7556}") = "Profiling.Parsing", "Profiling.Parsing\Profiling.Parsing.csproj", "{AC6D600C-548E-4FA7-B89E-3183E3BC2522}"
EndProject
Project("{9A19103F-16F7-4668-BE54-9A1E7A4F7556}") = "Profiling.ReadingXML", "Profiling.ReadingXML\Profiling.ReadingXML.csproj", "{6EB77477-67E1-4514-9E2A-C3592DE9B1C3}"
EndProject
Project("{9A19103F-16F7-4668-BE54-9A1E7A4F7556}") = "Profiling.WritingXml", "Profiling.WritingXml\Profiling.WritingXml.csproj", "{603F1338-048B-4EDC-B982-2344914A47DB}"
EndProject
Project("{9A19103F-16F7-4668-BE54-9A1E7A4F7556}") = "Xbim.IO.Esent.Local", "Xbim.IO.Esent\Xbim.IO.Esent.Local.csproj", "{DD99499B-3E46-4A5D-8142-A5CA5CA196F4}"
EndProject
Global
	GlobalSection(SolutionConfigurationPlatforms) = preSolution
		Debug|Any CPU = Debug|Any CPU
		Release|Any CPU = Release|Any CPU
	EndGlobalSection
	GlobalSection(ProjectConfigurationPlatforms) = postSolution
		{55863561-1D9C-441B-BDAB-DF4ADA37D0D4}.Debug|Any CPU.ActiveCfg = Debug|Any CPU
		{55863561-1D9C-441B-BDAB-DF4ADA37D0D4}.Debug|Any CPU.Build.0 = Debug|Any CPU
		{55863561-1D9C-441B-BDAB-DF4ADA37D0D4}.Release|Any CPU.ActiveCfg = Release|Any CPU
		{55863561-1D9C-441B-BDAB-DF4ADA37D0D4}.Release|Any CPU.Build.0 = Release|Any CPU
		{25D42373-89A5-437D-925C-21510EF0EB62}.Debug|Any CPU.ActiveCfg = Debug|Any CPU
		{25D42373-89A5-437D-925C-21510EF0EB62}.Debug|Any CPU.Build.0 = Debug|Any CPU
		{25D42373-89A5-437D-925C-21510EF0EB62}.Release|Any CPU.ActiveCfg = Release|Any CPU
		{25D42373-89A5-437D-925C-21510EF0EB62}.Release|Any CPU.Build.0 = Release|Any CPU
		{05F75CEF-0DF5-4036-9D49-BDC6AE4695E0}.Debug|Any CPU.ActiveCfg = Debug|Any CPU
		{05F75CEF-0DF5-4036-9D49-BDC6AE4695E0}.Debug|Any CPU.Build.0 = Debug|Any CPU
		{05F75CEF-0DF5-4036-9D49-BDC6AE4695E0}.Release|Any CPU.ActiveCfg = Release|Any CPU
		{05F75CEF-0DF5-4036-9D49-BDC6AE4695E0}.Release|Any CPU.Build.0 = Release|Any CPU
		{C4495723-D35A-4A82-A5D6-03DB4A7BD49B}.Debug|Any CPU.ActiveCfg = Debug|Any CPU
		{C4495723-D35A-4A82-A5D6-03DB4A7BD49B}.Debug|Any CPU.Build.0 = Debug|Any CPU
		{C4495723-D35A-4A82-A5D6-03DB4A7BD49B}.Release|Any CPU.ActiveCfg = Release|Any CPU
		{C4495723-D35A-4A82-A5D6-03DB4A7BD49B}.Release|Any CPU.Build.0 = Release|Any CPU
		{748ADC2C-7F2F-456D-90FE-E15F508475A3}.Debug|Any CPU.ActiveCfg = Debug|Any CPU
		{748ADC2C-7F2F-456D-90FE-E15F508475A3}.Debug|Any CPU.Build.0 = Debug|Any CPU
		{748ADC2C-7F2F-456D-90FE-E15F508475A3}.Release|Any CPU.ActiveCfg = Release|Any CPU
		{748ADC2C-7F2F-456D-90FE-E15F508475A3}.Release|Any CPU.Build.0 = Release|Any CPU
		{AC6D600C-548E-4FA7-B89E-3183E3BC2522}.Debug|Any CPU.ActiveCfg = Debug|Any CPU
		{AC6D600C-548E-4FA7-B89E-3183E3BC2522}.Debug|Any CPU.Build.0 = Debug|Any CPU
		{AC6D600C-548E-4FA7-B89E-3183E3BC2522}.Release|Any CPU.ActiveCfg = Release|Any CPU
		{AC6D600C-548E-4FA7-B89E-3183E3BC2522}.Release|Any CPU.Build.0 = Release|Any CPU
		{6EB77477-67E1-4514-9E2A-C3592DE9B1C3}.Debug|Any CPU.ActiveCfg = Debug|Any CPU
		{6EB77477-67E1-4514-9E2A-C3592DE9B1C3}.Debug|Any CPU.Build.0 = Debug|Any CPU
		{6EB77477-67E1-4514-9E2A-C3592DE9B1C3}.Release|Any CPU.ActiveCfg = Release|Any CPU
		{6EB77477-67E1-4514-9E2A-C3592DE9B1C3}.Release|Any CPU.Build.0 = Release|Any CPU
		{603F1338-048B-4EDC-B982-2344914A47DB}.Debug|Any CPU.ActiveCfg = Debug|Any CPU
		{603F1338-048B-4EDC-B982-2344914A47DB}.Debug|Any CPU.Build.0 = Debug|Any CPU
		{603F1338-048B-4EDC-B982-2344914A47DB}.Release|Any CPU.ActiveCfg = Release|Any CPU
		{603F1338-048B-4EDC-B982-2344914A47DB}.Release|Any CPU.Build.0 = Release|Any CPU
		{DD99499B-3E46-4A5D-8142-A5CA5CA196F4}.Debug|Any CPU.ActiveCfg = Debug|Any CPU
		{DD99499B-3E46-4A5D-8142-A5CA5CA196F4}.Debug|Any CPU.Build.0 = Debug|Any CPU
		{DD99499B-3E46-4A5D-8142-A5CA5CA196F4}.Release|Any CPU.ActiveCfg = Release|Any CPU
		{DD99499B-3E46-4A5D-8142-A5CA5CA196F4}.Release|Any CPU.Build.0 = Release|Any CPU
	EndGlobalSection
	GlobalSection(SolutionProperties) = preSolution
		HideSolutionNode = FALSE
	EndGlobalSection
	GlobalSection(NestedProjects) = preSolution
		{748ADC2C-7F2F-456D-90FE-E15F508475A3} = {7741350E-EB4B-41CE-BD94-DDB48717F90F}
		{AC6D600C-548E-4FA7-B89E-3183E3BC2522} = {7741350E-EB4B-41CE-BD94-DDB48717F90F}
		{6EB77477-67E1-4514-9E2A-C3592DE9B1C3} = {7741350E-EB4B-41CE-BD94-DDB48717F90F}
		{603F1338-048B-4EDC-B982-2344914A47DB} = {7741350E-EB4B-41CE-BD94-DDB48717F90F}
	EndGlobalSection
	GlobalSection(ExtensibilityGlobals) = postSolution
		SolutionGuid = {4D828DE3-18FA-405F-9EDE-04A79DF310D0}
	EndGlobalSection
EndGlobal
