
Microsoft Visual Studio Solution File, Format Version 12.00
# Visual Studio 15
VisualStudioVersion = 15.0.27703.2042
MinimumVisualStudioVersion = 10.0.40219.1
Project("{9A19103F-16F7-4668-BE54-9A1E7A4F7556}") = "Xbim.Ifc", "Xbim.Ifc.csproj", "{20980981-84A3-4E40-BF19-B004888E4061}"
EndProject
Global
	GlobalSection(SolutionConfigurationPlatforms) = preSolution
		Debug|Any CPU = Debug|Any CPU
		Release|Any CPU = Release|Any CPU
	EndGlobalSection
	GlobalSection(ProjectConfigurationPlatforms) = postSolution
		{20980981-84A3-4E40-BF19-B004888E4061}.Debug|Any CPU.ActiveCfg = Debug|Any CPU
		{20980981-84A3-4E40-BF19-B004888E4061}.Debug|Any CPU.Build.0 = Debug|Any CPU
		{20980981-84A3-4E40-BF19-B004888E4061}.Release|Any CPU.ActiveCfg = Release|Any CPU
		{20980981-84A3-4E40-BF19-B004888E4061}.Release|Any CPU.Build.0 = Release|Any CPU
	EndGlobalSection
	GlobalSection(SolutionProperties) = preSolution
		HideSolutionNode = FALSE
	EndGlobalSection
	GlobalSection(ExtensibilityGlobals) = postSolution
		SolutionGuid = {7E3C6F97-0B52-4485-AAB4-65F7EF1B1B3C}
	EndGlobalSection
EndGlobal
